Microsoft Visual Studio Solution File, Format Version 12.00
# Visual Studio Version 17
VisualStudioVersion = 17.5.2.0
MinimumVisualStudioVersion = 10.0.40219.1
Project("{FAE04EC0-301F-11D3-BF4B-00C04F79EFBC}") = "cdr_cs", "cdr_cs.csproj", "{EBBAF3E8-3489-2145-2D56-491458404589}"
EndProject
Global
	GlobalSection(SolutionConfigurationPlatforms) = preSolution
		Debug|Any CPU = Debug|Any CPU
		Release|Any CPU = Release|Any CPU
	EndGlobalSection
	GlobalSection(ProjectConfigurationPlatforms) = postSolution
		{EBBAF3E8-3489-2145-2D56-491458404589}.Debug|Any CPU.ActiveCfg = Debug|Any CPU
		{EBBAF3E8-3489-2145-2D56-491458404589}.Debug|Any CPU.Build.0 = Debug|Any CPU
		{EBBAF3E8-3489-2145-2D56-491458404589}.Release|Any CPU.ActiveCfg = Release|Any CPU
		{EBBAF3E8-3489-2145-2D56-491458404589}.Release|Any CPU.Build.0 = Release|Any CPU
	EndGlobalSection
	GlobalSection(SolutionProperties) = preSolution
		HideSolutionNode = FALSE
	EndGlobalSection
	GlobalSection(ExtensibilityGlobals) = postSolution
		SolutionGuid = {14695C0C-A484-458B-88FC-363065A37692}
	EndGlobalSection
EndGlobal
